
Microsoft Visual Studio Solution File, Format Version 12.00
# Visual Studio Version 16
VisualStudioVersion = 16.0.29911.84
MinimumVisualStudioVersion = 10.0.40219.1
Project("{FAE04EC0-301F-11D3-BF4B-00C04F79EFBC}") = "Project", "Project.csproj", "{4FAD3B8E-408B-4667-BB1F-DE9691472DA5}"
EndProject
Project("{FAE04EC0-301F-11D3-BF4B-00C04F79EFBC}") = "UnitTests", "..\UnitTests\UnitTests.csproj", "{C70830EB-F330-40C2-BBB6-B786F63FB888}"
EndProject
Global
	GlobalSection(SolutionConfigurationPlatforms) = preSolution
		Debug|Any CPU = Debug|Any CPU
		Release|Any CPU = Release|Any CPU
	EndGlobalSection
	GlobalSection(ProjectConfigurationPlatforms) = postSolution
		{4FAD3B8E-408B-4667-BB1F-DE9691472DA5}.Debug|Any CPU.ActiveCfg = Debug|Any CPU
		{4FAD3B8E-408B-4667-BB1F-DE9691472DA5}.Debug|Any CPU.Build.0 = Debug|Any CPU
		{4FAD3B8E-408B-4667-BB1F-DE9691472DA5}.Release|Any CPU.ActiveCfg = Release|Any CPU
		{4FAD3B8E-408B-4667-BB1F-DE9691472DA5}.Release|Any CPU.Build.0 = Release|Any CPU
		{C70830EB-F330-40C2-BBB6-B786F63FB888}.Debug|Any CPU.ActiveCfg = Debug|Any CPU
		{C70830EB-F330-40C2-BBB6-B786F63FB888}.Debug|Any CPU.Build.0 = Debug|Any CPU
		{C70830EB-F330-40C2-BBB6-B786F63FB888}.Release|Any CPU.ActiveCfg = Release|Any CPU
		{C70830EB-F330-40C2-BBB6-B786F63FB888}.Release|Any CPU.Build.0 = Release|Any CPU
	EndGlobalSection
	GlobalSection(SolutionProperties) = preSolution
		HideSolutionNode = FALSE
	EndGlobalSection
	GlobalSection(ExtensibilityGlobals) = postSolution
		SolutionGuid = {D0877386-309E-4D9A-80C2-8329B4B159FA}
	EndGlobalSection
EndGlobal
